
Microsoft Visual Studio Solution File, Format Version 12.00
# Visual Studio Version 16
VisualStudioVersion = 16.0.29509.3
MinimumVisualStudioVersion = 10.0.40219.1
Project("{FAE04EC0-301F-11D3-BF4B-00C04F79EFBC}") = "CV-lab", "CV-lab\CV-lab.csproj", "{0CF41379-1BF1-4D8B-A1FE-DD0F4CDBCB57}"
EndProject
Global
	GlobalSection(SolutionConfigurationPlatforms) = preSolution
		Debug|Any CPU = Debug|Any CPU
		Release|Any CPU = Release|Any CPU
	EndGlobalSection
	GlobalSection(ProjectConfigurationPlatforms) = postSolution
		{0CF41379-1BF1-4D8B-A1FE-DD0F4CDBCB57}.Debug|Any CPU.ActiveCfg = Debug|Any CPU
		{0CF41379-1BF1-4D8B-A1FE-DD0F4CDBCB57}.Debug|Any CPU.Build.0 = Debug|Any CPU
		{0CF41379-1BF1-4D8B-A1FE-DD0F4CDBCB57}.Release|Any CPU.ActiveCfg = Release|Any CPU
		{0CF41379-1BF1-4D8B-A1FE-DD0F4CDBCB57}.Release|Any CPU.Build.0 = Release|Any CPU
	EndGlobalSection
	GlobalSection(SolutionProperties) = preSolution
		HideSolutionNode = FALSE
	EndGlobalSection
	GlobalSection(ExtensibilityGlobals) = postSolution
		SolutionGuid = {A9F1FCEC-E8B2-453B-8D94-F3CA706DD2CE}
	EndGlobalSection
EndGlobal
